// !$*UTF8*$!
{
	archiveVersion = 1;
	classes = {
	};
	objectVersion = 55;
	objects = {

/* Begin PBXBuildFile section */
		907E2A8D283820BF009740B1 /* AppDelegate.swift in Sources */ = {isa = PBXBuildFile; fileRef = 907E2A8C283820BF009740B1 /* AppDelegate.swift */; };
		907E2A8F283820BF009740B1 /* SceneDelegate.swift in Sources */ = {isa = PBXBuildFile; fileRef = 907E2A8E283820BF009740B1 /* SceneDelegate.swift */; };
		907E2A91283820BF009740B1 /* ViewController.swift in Sources */ = {isa = PBXBuildFile; fileRef = 907E2A90283820BF009740B1 /* ViewController.swift */; };
		907E2A94283820BF009740B1 /* Main.storyboard in Resources */ = {isa = PBXBuildFile; fileRef = 907E2A92283820BF009740B1 /* Main.storyboard */; };
		907E2A96283820C2009740B1 /* Assets.xcassets in Resources */ = {isa = PBXBuildFile; fileRef = 907E2A95283820C2009740B1 /* Assets.xcassets */; };
		907E2A99283820C2009740B1 /* LaunchScreen.storyboard in Resources */ = {isa = PBXBuildFile; fileRef = 907E2A97283820C2009740B1 /* LaunchScreen.storyboard */; };
		907E2AA1283822F5009740B1 /* dropIcon.jpg in Resources */ = {isa = PBXBuildFile; fileRef = 907E2AA0283822F5009740B1 /* dropIcon.jpg */; };
		907E2AA32838240F009740B1 /* calender.png in Resources */ = {isa = PBXBuildFile; fileRef = 907E2AA22838240F009740B1 /* calender.png */; };
		907E2AA728382550009740B1 /* user_profile.png in Resources */ = {isa = PBXBuildFile; fileRef = 907E2AA628382550009740B1 /* user_profile.png */; };
		907E2AAA28383E3F009740B1 /* ClothingDataModel.xcdatamodeld in Sources */ = {isa = PBXBuildFile; fileRef = 907E2AA828383E3F009740B1 /* ClothingDataModel.xcdatamodeld */; };
		907E2AAF283A9BA1009740B1 /* AddDropItemViewController.swift in Sources */ = {isa = PBXBuildFile; fileRef = 907E2AAE283A9BA1009740B1 /* AddDropItemViewController.swift */; };
		907E2AB1283B16DE009740B1 /* CoreDataStack.swift in Sources */ = {isa = PBXBuildFile; fileRef = 907E2AB0283B16DE009740B1 /* CoreDataStack.swift */; };
		907E2AB3283B2236009740B1 /* star.png in Resources */ = {isa = PBXBuildFile; fileRef = 907E2AB2283B2236009740B1 /* star.png */; };
		907E2AB5283B2282009740B1 /* bag.png in Resources */ = {isa = PBXBuildFile; fileRef = 907E2AB4283B2282009740B1 /* bag.png */; };
/* End PBXBuildFile section */

/* Begin PBXFileReference section */
		907E2A89283820BF009740B1 /* IvanZrvnarFinalProject.app */ = {isa = PBXFileReference; explicitFileType = wrapper.application; includeInIndex = 0; path = IvanZrvnarFinalProject.app; sourceTree = BUILT_PRODUCTS_DIR; };
		907E2A8C283820BF009740B1 /* AppDelegate.swift */ = {isa = PBXFileReference; lastKnownFileType = sourcecode.swift; path = AppDelegate.swift; sourceTree = "<group>"; };
		907E2A8E283820BF009740B1 /* SceneDelegate.swift */ = {isa = PBXFileReference; lastKnownFileType = sourcecode.swift; path = SceneDelegate.swift; sourceTree = "<group>"; };
		907E2A90283820BF009740B1 /* ViewController.swift */ = {isa = PBXFileReference; lastKnownFileType = sourcecode.swift; path = ViewController.swift; sourceTree = "<group>"; };
		907E2A93283820BF009740B1 /* Base */ = {isa = PBXFileReference; lastKnownFileType = file.storyboard; name = Base; path = Base.lproj/Main.storyboard; sourceTree = "<group>"; };
		907E2A95283820C2009740B1 /* Assets.xcassets */ = {isa = PBXFileReference; lastKnownFileType = folder.assetcatalog; path = Assets.xcassets; sourceTree = "<group>"; };
		907E2A98283820C2009740B1 /* Base */ = {isa = PBXFileReference; lastKnownFileType = file.storyboard; name = Base; path = Base.lproj/LaunchScreen.storyboard; sourceTree = "<group>"; };
		907E2A9A283820C2009740B1 /* Info.plist */ = {isa = PBXFileReference; lastKnownFileType = text.plist.xml; path = Info.plist; sourceTree = "<group>"; };
		907E2AA0283822F5009740B1 /* dropIcon.jpg */ = {isa = PBXFileReference; lastKnownFileType = image.jpeg; path = dropIcon.jpg; sourceTree = "<group>"; };
		907E2AA22838240F009740B1 /* calender.png */ = {isa = PBXFileReference; lastKnownFileType = image.png; path = calender.png; sourceTree = "<group>"; };
		907E2AA628382550009740B1 /* user_profile.png */ = {isa = PBXFileReference; lastKnownFileType = image.png; path = user_profile.png; sourceTree = "<group>"; };
		907E2AA928383E3F009740B1 /* ClothingDataModel.xcdatamodel */ = {isa = PBXFileReference; lastKnownFileType = wrapper.xcdatamodel; path = ClothingDataModel.xcdatamodel; sourceTree = "<group>"; };
		907E2AAE283A9BA1009740B1 /* AddDropItemViewController.swift */ = {isa = PBXFileReference; lastKnownFileType = sourcecode.swift; path = AddDropItemViewController.swift; sourceTree = "<group>"; };
		907E2AB0283B16DE009740B1 /* CoreDataStack.swift */ = {isa = PBXFileReference; lastKnownFileType = sourcecode.swift; path = CoreDataStack.swift; sourceTree = "<group>"; };
		907E2AB2283B2236009740B1 /* star.png */ = {isa = PBXFileReference; lastKnownFileType = image.png; path = star.png; sourceTree = "<group>"; };
		907E2AB4283B2282009740B1 /* bag.png */ = {isa = PBXFileReference; lastKnownFileType = image.png; path = bag.png; sourceTree = "<group>"; };
/* End PBXFileReference section */

/* Begin PBXFrameworksBuildPhase section */
		907E2A86283820BF009740B1 /* Frameworks */ = {
			isa = PBXFrameworksBuildPhase;
			buildActionMask = 2147483647;
			files = (
			);
			runOnlyForDeploymentPostprocessing = 0;
		};
/* End PBXFrameworksBuildPhase section */

/* Begin PBXGroup section */
		907E2A80283820BF009740B1 = {
			isa = PBXGroup;
			children = (
				907E2A8B283820BF009740B1 /* IvanZrvnarFinalProject */,
				907E2A8A283820BF009740B1 /* Products */,
			);
			sourceTree = "<group>";
		};
		907E2A8A283820BF009740B1 /* Products */ = {
			isa = PBXGroup;
			children = (
				907E2A89283820BF009740B1 /* IvanZrvnarFinalProject.app */,
			);
			name = Products;
			sourceTree = "<group>";
		};
		907E2A8B283820BF009740B1 /* IvanZrvnarFinalProject */ = {
			isa = PBXGroup;
			children = (
				907E2AAC283A97E6009740B1 /* Storyboard */,
				907E2AA4283824CB009740B1 /* ViewControllers */,
				907E2AAB283A97D1009740B1 /* Data Model */,
				907E2A95283820C2009740B1 /* Assets.xcassets */,
				907E2A9A283820C2009740B1 /* Info.plist */,
				907E2AA5283824FF009740B1 /* Icons */,
				907E2AAD283A981A009740B1 /* Delegates */,
			);
			path = IvanZrvnarFinalProject;
			sourceTree = "<group>";
		};
		907E2AA4283824CB009740B1 /* ViewControllers */ = {
			isa = PBXGroup;
			children = (
				907E2AAE283A9BA1009740B1 /* AddDropItemViewController.swift */,
				907E2A90283820BF009740B1 /* ViewController.swift */,
			);
			path = ViewControllers;
			sourceTree = "<group>";
		};
		907E2AA5283824FF009740B1 /* Icons */ = {
			isa = PBXGroup;
			children = (
				907E2AA628382550009740B1 /* user_profile.png */,
				907E2AA0283822F5009740B1 /* dropIcon.jpg */,
				907E2AA22838240F009740B1 /* calender.png */,
				907E2AB2283B2236009740B1 /* star.png */,
				907E2AB4283B2282009740B1 /* bag.png */,
			);
			path = Icons;
			sourceTree = "<group>";
		};
		907E2AAB283A97D1009740B1 /* Data Model */ = {
			isa = PBXGroup;
			children = (
				907E2AB0283B16DE009740B1 /* CoreDataStack.swift */,
				907E2AA828383E3F009740B1 /* ClothingDataModel.xcdatamodeld */,
			);
			path = "Data Model";
			sourceTree = "<group>";
		};
		907E2AAC283A97E6009740B1 /* Storyboard */ = {
			isa = PBXGroup;
			children = (
				907E2A92283820BF009740B1 /* Main.storyboard */,
				907E2A97283820C2009740B1 /* LaunchScreen.storyboard */,
			);
			path = Storyboard;
			sourceTree = "<group>";
		};
		907E2AAD283A981A009740B1 /* Delegates */ = {
			isa = PBXGroup;
			children = (
				907E2A8E283820BF009740B1 /* SceneDelegate.swift */,
				907E2A8C283820BF009740B1 /* AppDelegate.swift */,
			);
			path = Delegates;
			sourceTree = "<group>";
		};
/* End PBXGroup section */

/* Begin PBXNativeTarget section */
		907E2A88283820BF009740B1 /* IvanZrvnarFinalProject */ = {
			isa = PBXNativeTarget;
			buildConfigurationList = 907E2A9D283820C2009740B1 /* Build configuration list for PBXNativeTarget "IvanZrvnarFinalProject" */;
			buildPhases = (
				907E2A85283820BF009740B1 /* Sources */,
				907E2A86283820BF009740B1 /* Frameworks */,
				907E2A87283820BF009740B1 /* Resources */,
			);
			buildRules = (
			);
			dependencies = (
			);
			name = IvanZrvnarFinalProject;
			productName = IvanZrvnarFinalProject;
			productReference = 907E2A89283820BF009740B1 /* IvanZrvnarFinalProject.app */;
			productType = "com.apple.product-type.application";
		};
/* End PBXNativeTarget section */

/* Begin PBXProject section */
		907E2A81283820BF009740B1 /* Project object */ = {
			isa = PBXProject;
			attributes = {
				BuildIndependentTargetsInParallel = 1;
				LastSwiftUpdateCheck = 1340;
				LastUpgradeCheck = 1340;
				TargetAttributes = {
					907E2A88283820BF009740B1 = {
						CreatedOnToolsVersion = 13.4;
					};
				};
			};
			buildConfigurationList = 907E2A84283820BF009740B1 /* Build configuration list for PBXProject "IvanZrvnarFinalProject" */;
			compatibilityVersion = "Xcode 13.0";
			developmentRegion = en;
			hasScannedForEncodings = 0;
			knownRegions = (
				en,
				Base,
			);
			mainGroup = 907E2A80283820BF009740B1;
			productRefGroup = 907E2A8A283820BF009740B1 /* Products */;
			projectDirPath = "";
			projectRoot = "";
			targets = (
				907E2A88283820BF009740B1 /* IvanZrvnarFinalProject */,
			);
		};
/* End PBXProject section */

/* Begin PBXResourcesBuildPhase section */
		907E2A87283820BF009740B1 /* Resources */ = {
			isa = PBXResourcesBuildPhase;
			buildActionMask = 2147483647;
			files = (
				907E2AA728382550009740B1 /* user_profile.png in Resources */,
				907E2A99283820C2009740B1 /* LaunchScreen.storyboard in Resources */,
				907E2AA1283822F5009740B1 /* dropIcon.jpg in Resources */,
				907E2AA32838240F009740B1 /* calender.png in Resources */,
				907E2AB5283B2282009740B1 /* bag.png in Resources */,
				907E2AB3283B2236009740B1 /* star.png in Resources */,
				907E2A96283820C2009740B1 /* Assets.xcassets in Resources */,
				907E2A94283820BF009740B1 /* Main.storyboard in Resources */,
			);
			runOnlyForDeploymentPostprocessing = 0;
		};
/* End PBXResourcesBuildPhase section */

/* Begin PBXSourcesBuildPhase section */
		907E2A85283820BF009740B1 /* Sources */ = {
			isa = PBXSourcesBuildPhase;
			buildActionMask = 2147483647;
			files = (
				907E2A91283820BF009740B1 /* ViewController.swift in Sources */,
				907E2AAA28383E3F009740B1 /* ClothingDataModel.xcdatamodeld in Sources */,
				907E2AAF283A9BA1009740B1 /* AddDropItemViewController.swift in Sources */,
				907E2AB1283B16DE009740B1 /* CoreDataStack.swift in Sources */,
				907E2A8D283820BF009740B1 /* AppDelegate.swift in Sources */,
				907E2A8F283820BF009740B1 /* SceneDelegate.swift in Sources */,
			);
			runOnlyForDeploymentPostprocessing = 0;
		};
/* End PBXSourcesBuildPhase section */

/* Begin PBXVariantGroup section */
		907E2A92283820BF009740B1 /* Main.storyboard */ = {
			isa = PBXVariantGroup;
			children = (
				907E2A93283820BF009740B1 /* Base */,
			);
			name = Main.storyboard;
			sourceTree = "<group>";
		};
		907E2A97283820C2009740B1 /* LaunchScreen.storyboard */ = {
			isa = PBXVariantGroup;
			children = (
				907E2A98283820C2009740B1 /* Base */,
			);
			name = LaunchScreen.storyboard;
			sourceTree = "<group>";
		};
/* End PBXVariantGroup section */

/* Begin XCBuildConfiguration section */
		907E2A9B283820C2009740B1 /* Debug */ = {
			isa = XCBuildConfiguration;
			buildSettings = {
				ALWAYS_SEARCH_USER_PATHS = NO;
				CLANG_ANALYZER_NONNULL = YES;
				CLANG_ANALYZER_NUMBER_OBJECT_CONVERSION = YES_AGGRESSIVE;
				CLANG_CXX_LANGUAGE_STANDARD = "gnu++17";
				CLANG_ENABLE_MODULES = YES;
				CLANG_ENABLE_OBJC_ARC = YES;
				CLANG_ENABLE_OBJC_WEAK = YES;
				CLANG_WARN_BLOCK_CAPTURE_AUTORELEASING = YES;
				CLANG_WARN_BOOL_CONVERSION = YES;
				CLANG_WARN_COMMA = YES;
				CLANG_WARN_CONSTANT_CONVERSION = YES;
				CLANG_WARN_DEPRECATED_OBJC_IMPLEMENTATIONS = YES;
				CLANG_WARN_DIRECT_OBJC_ISA_USAGE = YES_ERROR;
				CLANG_WARN_DOCUMENTATION_COMMENTS = YES;
				CLANG_WARN_EMPTY_BODY = YES;
				CLANG_WARN_ENUM_CONVERSION = YES;
				CLANG_WARN_INFINITE_RECURSION = YES;
				CLANG_WARN_INT_CONVERSION = YES;
				CLANG_WARN_NON_LITERAL_NULL_CONVERSION = YES;
				CLANG_WARN_OBJC_IMPLICIT_RETAIN_SELF = YES;
				CLANG_WARN_OBJC_LITERAL_CONVERSION = YES;
				CLANG_WARN_OBJC_ROOT_CLASS = YES_ERROR;
				CLANG_WARN_QUOTED_INCLUDE_IN_FRAMEWORK_HEADER = YES;
				CLANG_WARN_RANGE_LOOP_ANALYSIS = YES;
				CLANG_WARN_STRICT_PROTOTYPES = YES;
				CLANG_WARN_SUSPICIOUS_MOVE = YES;
				CLANG_WARN_UNGUARDED_AVAILABILITY = YES_AGGRESSIVE;
				CLANG_WARN_UNREACHABLE_CODE = YES;
				CLANG_WARN__DUPLICATE_METHOD_MATCH = YES;
				COPY_PHASE_STRIP = NO;
				DEBUG_INFORMATION_FORMAT = dwarf;
				ENABLE_STRICT_OBJC_MSGSEND = YES;
				ENABLE_TESTABILITY = YES;
				GCC_C_LANGUAGE_STANDARD = gnu11;
				GCC_DYNAMIC_NO_PIC = NO;
				GCC_NO_COMMON_BLOCKS = YES;
				GCC_OPTIMIZATION_LEVEL = 0;
				GCC_PREPROCESSOR_DEFINITIONS = (
					"DEBUG=1",
					"$(inherited)",
				);
				GCC_WARN_64_TO_32_BIT_CONVERSION = YES;
				GCC_WARN_ABOUT_RETURN_TYPE = YES_ERROR;
				GCC_WARN_UNDECLARED_SELECTOR = YES;
				GCC_WARN_UNINITIALIZED_AUTOS = YES_AGGRESSIVE;
				GCC_WARN_UNUSED_FUNCTION = YES;
				GCC_WARN_UNUSED_VARIABLE = YES;
				IPHONEOS_DEPLOYMENT_TARGET = 15.5;
				MTL_ENABLE_DEBUG_INFO = INCLUDE_SOURCE;
				MTL_FAST_MATH = YES;
				ONLY_ACTIVE_ARCH = YES;
				SDKROOT = iphoneos;
				SWIFT_ACTIVE_COMPILATION_CONDITIONS = DEBUG;
				SWIFT_OPTIMIZATION_LEVEL = "-Onone";
			};
			name = Debug;
		};
		907E2A9C283820C2009740B1 /* Release */ = {
			isa = XCBuildConfiguration;
			buildSettings = {
				ALWAYS_SEARCH_USER_PATHS = NO;
				CLANG_ANALYZER_NONNULL = YES;
				CLANG_ANALYZER_NUMBER_OBJECT_CONVERSION = YES_AGGRESSIVE;
				CLANG_CXX_LANGUAGE_STANDARD = "gnu++17";
				CLANG_ENABLE_MODULES = YES;
				CLANG_ENABLE_OBJC_ARC = YES;
				CLANG_ENABLE_OBJC_WEAK = YES;
				CLANG_WARN_BLOCK_CAPTURE_AUTORELEASING = YES;
				CLANG_WARN_BOOL_CONVERSION = YES;
				CLANG_WARN_COMMA = YES;
				CLANG_WARN_CONSTANT_CONVERSION = YES;
				CLANG_WARN_DEPRECATED_OBJC_IMPLEMENTATIONS = YES;
				CLANG_WARN_DIRECT_OBJC_ISA_USAGE = YES_ERROR;
				CLANG_WARN_DOCUMENTATION_COMMENTS = YES;
				CLANG_WARN_EMPTY_BODY = YES;
				CLANG_WARN_ENUM_CONVERSION = YES;
				CLANG_WARN_INFINITE_RECURSION = YES;
				CLANG_WARN_INT_CONVERSION = YES;
				CLANG_WARN_NON_LITERAL_NULL_CONVERSION = YES;
				CLANG_WARN_OBJC_IMPLICIT_RETAIN_SELF = YES;
				CLANG_WARN_OBJC_LITERAL_CONVERSION = YES;
				CLANG_WARN_OBJC_ROOT_CLASS = YES_ERROR;
				CLANG_WARN_QUOTED_INCLUDE_IN_FRAMEWORK_HEADER = YES;
				CLANG_WARN_RANGE_LOOP_ANALYSIS = YES;
				CLANG_WARN_STRICT_PROTOTYPES = YES;
				CLANG_WARN_SUSPICIOUS_MOVE = YES;
				CLANG_WARN_UNGUARDED_AVAILABILITY = YES_AGGRESSIVE;
				CLANG_WARN_UNREACHABLE_CODE = YES;
				CLANG_WARN__DUPLICATE_METHOD_MATCH = YES;
				COPY_PHASE_STRIP = NO;
				DEBUG_INFORMATION_FORMAT = "dwarf-with-dsym";
				ENABLE_NS_ASSERTIONS = NO;
				ENABLE_STRICT_OBJC_MSGSEND = YES;
				GCC_C_LANGUAGE_STANDARD = gnu11;
				GCC_NO_COMMON_BLOCKS = YES;
				GCC_WARN_64_TO_32_BIT_CONVERSION = YES;
				GCC_WARN_ABOUT_RETURN_TYPE = YES_ERROR;
				GCC_WARN_UNDECLARED_SELECTOR = YES;
				GCC_WARN_UNINITIALIZED_AUTOS = YES_AGGRESSIVE;
				GCC_WARN_UNUSED_FUNCTION = YES;
				GCC_WARN_UNUSED_VARIABLE = YES;
				IPHONEOS_DEPLOYMENT_TARGET = 15.5;
				MTL_ENABLE_DEBUG_INFO = NO;
				MTL_FAST_MATH = YES;
				SDKROOT = iphoneos;
				SWIFT_COMPILATION_MODE = wholemodule;
				SWIFT_OPTIMIZATION_LEVEL = "-O";
				VALIDATE_PRODUCT = YES;
			};
			name = Release;
		};
		907E2A9E283820C2009740B1 /* Debug */ = {
			isa = XCBuildConfiguration;
			buildSettings = {
				ASSETCATALOG_COMPILER_APPICON_NAME = AppIcon;
				ASSETCATALOG_COMPILER_GLOBAL_ACCENT_COLOR_NAME = AccentColor;
				CODE_SIGN_STYLE = Automatic;
				CURRENT_PROJECT_VERSION = 1;
				GENERATE_INFOPLIST_FILE = YES;
				INFOPLIST_FILE = IvanZrvnarFinalProject/Info.plist;
				INFOPLIST_KEY_UIApplicationSupportsIndirectInputEvents = YES;
				INFOPLIST_KEY_UILaunchStoryboardName = LaunchScreen;
				INFOPLIST_KEY_UIMainStoryboardFile = Main;
				INFOPLIST_KEY_UISupportedInterfaceOrientations_iPad = "UIInterfaceOrientationPortrait UIInterfaceOrientationPortraitUpsideDown UIInterfaceOrientationLandscapeLeft UIInterfaceOrientationLandscapeRight";
				INFOPLIST_KEY_UISupportedInterfaceOrientations_iPhone = "UIInterfaceOrientationPortrait UIInterfaceOrientationLandscapeLeft UIInterfaceOrientationLandscapeRight";
				LD_RUNPATH_SEARCH_PATHS = (
					"$(inherited)",
					"@executable_path/Frameworks",
				);
				MARKETING_VERSION = 1.0;
				PRODUCT_BUNDLE_IDENTIFIER = MAD510.Zrvnar.Ivan.IvanZrvnarFinalProject;
				PRODUCT_NAME = "$(TARGET_NAME)";
				SWIFT_EMIT_LOC_STRINGS = YES;
				SWIFT_VERSION = 5.0;
				TARGETED_DEVICE_FAMILY = "1,2";
			};
			name = Debug;
		};
		907E2A9F283820C2009740B1 /* Release */ = {
			isa = XCBuildConfiguration;
			buildSettings = {
				ASSETCATALOG_COMPILER_APPICON_NAME = AppIcon;
				ASSETCATALOG_COMPILER_GLOBAL_ACCENT_COLOR_NAME = AccentColor;
				CODE_SIGN_STYLE = Automatic;
				CURRENT_PROJECT_VERSION = 1;
				GENERATE_INFOPLIST_FILE = YES;
				INFOPLIST_FILE = IvanZrvnarFinalProject/Info.plist;
				INFOPLIST_KEY_UIApplicationSupportsIndirectInputEvents = YES;
				INFOPLIST_KEY_UILaunchStoryboardName = LaunchScreen;
				INFOPLIST_KEY_UIMainStoryboardFile = Main;
				INFOPLIST_KEY_UISupportedInterfaceOrientations_iPad = "UIInterfaceOrientationPortrait UIInterfaceOrientationPortraitUpsideDown UIInterfaceOrientationLandscapeLeft UIInterfaceOrientationLandscapeRight";
				INFOPLIST_KEY_UISupportedInterfaceOrientations_iPhone = "UIInterfaceOrientationPortrait UIInterfaceOrientationLandscapeLeft UIInterfaceOrientationLandscapeRight";
				LD_RUNPATH_SEARCH_PATHS = (
					"$(inherited)",
					"@executable_path/Frameworks",
				);
				MARKETING_VERSION = 1.0;
				PRODUCT_BUNDLE_IDENTIFIER = MAD510.Zrvnar.Ivan.IvanZrvnarFinalProject;
				PRODUCT_NAME = "$(TARGET_NAME)";
				SWIFT_EMIT_LOC_STRINGS = YES;
				SWIFT_VERSION = 5.0;
				TARGETED_DEVICE_FAMILY = "1,2";
			};
			name = Release;
		};
/* End XCBuildConfiguration section */

/* Begin XCConfigurationList section */
		907E2A84283820BF009740B1 /* Build configuration list for PBXProject "IvanZrvnarFinalProject" */ = {
			isa = XCConfigurationList;
			buildConfigurations = (
				907E2A9B283820C2009740B1 /* Debug */,
				907E2A9C283820C2009740B1 /* Release */,
			);
			defaultConfigurationIsVisible = 0;
			defaultConfigurationName = Release;
		};
		907E2A9D283820C2009740B1 /* Build configuration list for PBXNativeTarget "IvanZrvnarFinalProject" */ = {
			isa = XCConfigurationList;
			buildConfigurations = (
				907E2A9E283820C2009740B1 /* Debug */,
				907E2A9F283820C2009740B1 /* Release */,
			);
			defaultConfigurationIsVisible = 0;
			defaultConfigurationName = Release;
		};
/* End XCConfigurationList section */

/* Begin XCVersionGroup section */
		907E2AA828383E3F009740B1 /* ClothingDataModel.xcdatamodeld */ = {
			isa = XCVersionGroup;
			children = (
				907E2AA928383E3F009740B1 /* ClothingDataModel.xcdatamodel */,
			);
			currentVersion = 907E2AA928383E3F009740B1 /* ClothingDataModel.xcdatamodel */;
			path = ClothingDataModel.xcdatamodeld;
			sourceTree = "<group>";
			versionGroupType = wrapper.xcdatamodel;
		};
/* End XCVersionGroup section */
	};
	rootObject = 907E2A81283820BF009740B1 /* Project object */;
}
